
Microsoft Visual Studio Solution File, Format Version 12.00
# Visual Studio Version 16
VisualStudioVersion = 16.0.31129.286
MinimumVisualStudioVersion = 10.0.40219.1
Project("{FAE04EC0-301F-11D3-BF4B-00C04F79EFBC}") = "WinFormsApp1", "WinFormsApp1.csproj", "{D86A98AB-9395-4427-83B2-9FA032D72441}"
EndProject
Global
	GlobalSection(SolutionConfigurationPlatforms) = preSolution
		Debug|Any CPU = Debug|Any CPU
		Release|Any CPU = Release|Any CPU
	EndGlobalSection
	GlobalSection(ProjectConfigurationPlatforms) = postSolution
		{D86A98AB-9395-4427-83B2-9FA032D72441}.Debug|Any CPU.ActiveCfg = Debug|Any CPU
		{D86A98AB-9395-4427-83B2-9FA032D72441}.Debug|Any CPU.Build.0 = Debug|Any CPU
		{D86A98AB-9395-4427-83B2-9FA032D72441}.Release|Any CPU.ActiveCfg = Release|Any CPU
		{D86A98AB-9395-4427-83B2-9FA032D72441}.Release|Any CPU.Build.0 = Release|Any CPU
	EndGlobalSection
	GlobalSection(SolutionProperties) = preSolution
		HideSolutionNode = FALSE
	EndGlobalSection
	GlobalSection(ExtensibilityGlobals) = postSolution
		SolutionGuid = {07ED554E-5202-4038-8A0D-1FE4EEC7433F}
	EndGlobalSection
EndGlobal
